// !$*UTF8*$!
{
	archiveVersion = 1;
	classes = {
	};
	objectVersion = 77;
	objects = {

/* Begin PBXBuildFile section */
		0534110F2F5C65B800A6C87F /* WidgetKit.framework in Frameworks */ = {isa = PBXBuildFile; fileRef = 0534110E2F5C65B800A6C87F /* WidgetKit.framework */; };
		053411112F5C65B800A6C87F /* SwiftUI.framework in Frameworks */ = {isa = PBXBuildFile; fileRef = 053411102F5C65B800A6C87F /* SwiftUI.framework */; };
		0534111E2F5C65B900A6C87F /* MKSDownloadActivityWidgetExtension.appex in Embed Foundation Extensions */ = {isa = PBXBuildFile; fileRef = 0534110C2F5C65B800A6C87F /* MKSDownloadActivityWidgetExtension.appex */; settings = {ATTRIBUTES = (RemoveHeadersOnCopy, ); }; };
		05548F942F5626330060E2DD /* TransmuxCore in Frameworks */ = {isa = PBXBuildFile; productRef = 05548F932F5626330060E2DD /* TransmuxCore */; };
		05548F962F5626330060E2DD /* transmux-cli in Frameworks */ = {isa = PBXBuildFile; productRef = 05548F952F5626330060E2DD /* transmux-cli */; };
		05A1B2C3D4E5F60718293A4C /* CloudKit.framework in Frameworks */ = {isa = PBXBuildFile; fileRef = 05A1B2C3D4E5F60718293A4B /* CloudKit.framework */; };
/* End PBXBuildFile section */

/* Begin PBXBuildRule section */
		052369B92F69D8FF00112044 /* PBXBuildRule */ = {
			isa = PBXBuildRule;
			compilerSpec = com.apple.compilers.proxy.script;
			fileType = folder.rkassets;
			inputFiles = (
			);
			isEditable = 1;
			outputFiles = (
			);
			script = "# realitytool\n";
		};
/* End PBXBuildRule section */

/* Begin PBXContainerItemProxy section */
		0534111C2F5C65B900A6C87F /* PBXContainerItemProxy */ = {
			isa = PBXContainerItemProxy;
			containerPortal = 058CC0672D39C8CF006E00BF /* Project object */;
			proxyType = 1;
			remoteGlobalIDString = 0534110B2F5C65B800A6C87F;
			remoteInfo = MKSDownloadActivityWidgetExtension;
		};
/* End PBXContainerItemProxy section */

/* Begin PBXCopyFilesBuildPhase section */
		053411232F5C65B900A6C87F /* Embed Foundation Extensions */ = {
			isa = PBXCopyFilesBuildPhase;
			buildActionMask = 2147483647;
			dstPath = "";
			dstSubfolderSpec = 13;
			files = (
				0534111E2F5C65B900A6C87F /* MKSDownloadActivityWidgetExtension.appex in Embed Foundation Extensions */,
			);
			name = "Embed Foundation Extensions";
			runOnlyForDeploymentPostprocessing = 0;
		};
/* End PBXCopyFilesBuildPhase section */

/* Begin PBXFileReference section */
		0534110C2F5C65B800A6C87F /* MKSDownloadActivityWidgetExtension.appex */ = {isa = PBXFileReference; explicitFileType = "wrapper.app-extension"; includeInIndex = 0; path = MKSDownloadActivityWidgetExtension.appex; sourceTree = BUILT_PRODUCTS_DIR; };
		0534110E2F5C65B800A6C87F /* WidgetKit.framework */ = {isa = PBXFileReference; lastKnownFileType = wrapper.framework; name = WidgetKit.framework; path = /System/Library/Frameworks/WidgetKit.framework; sourceTree = "<absolute>"; };
		053411102F5C65B800A6C87F /* SwiftUI.framework */ = {isa = PBXFileReference; lastKnownFileType = wrapper.framework; name = SwiftUI.framework; path = /System/Library/Frameworks/SwiftUI.framework; sourceTree = "<absolute>"; };
		057C1B9B2D95EAC20059601D /* mks-multiplataforma-tvos-iptv.app */ = {isa = PBXFileReference; explicitFileType = wrapper.application; includeInIndex = 0; path = "mks-multiplataforma-tvos-iptv.app"; sourceTree = BUILT_PRODUCTS_DIR; };
		058CC06F2D39C8CF006E00BF /* mks-multiplatform-iptv.app */ = {isa = PBXFileReference; explicitFileType = wrapper.application; includeInIndex = 0; path = "mks-multiplatform-iptv.app"; sourceTree = BUILT_PRODUCTS_DIR; };
		05A1B2C3D4E5F60718293A4B /* CloudKit.framework */ = {isa = PBXFileReference; lastKnownFileType = wrapper.framework; name = CloudKit.framework; path = /System/Library/Frameworks/CloudKit.framework; sourceTree = "<absolute>"; };
/* End PBXFileReference section */

/* Begin PBXFileSystemSynchronizedBuildFileExceptionSet section */
		053411222F5C65B900A6C87F /* Exceptions for "MKSDownloadActivityWidget" folder in "MKSDownloadActivityWidgetExtension" target */ = {
			isa = PBXFileSystemSynchronizedBuildFileExceptionSet;
			membershipExceptions = (
				Info.plist,
			);
			target = 0534110B2F5C65B800A6C87F /* MKSDownloadActivityWidgetExtension */;
		};
		058CC0E02D39C9E9006E00BF /* Exceptions for "mks-multiplatform-iptv" folder in "mks-multiplatform-iptv" target */ = {
			isa = PBXFileSystemSynchronizedBuildFileExceptionSet;
			membershipExceptions = (
				Info.plist,
			);
			target = 058CC06E2D39C8CF006E00BF /* mks-multiplatform-iptv */;
		};
/* End PBXFileSystemSynchronizedBuildFileExceptionSet section */

/* Begin PBXFileSystemSynchronizedRootGroup section */
		053411122F5C65B800A6C87F /* MKSDownloadActivityWidget */ = {
			isa = PBXFileSystemSynchronizedRootGroup;
			exceptions = (
				053411222F5C65B900A6C87F /* Exceptions for "MKSDownloadActivityWidget" folder in "MKSDownloadActivityWidgetExtension" target */,
			);
			path = MKSDownloadActivityWidget;
			sourceTree = "<group>";
		};
		057C1B9C2D95EAC20059601D /* mks-multiplataforma-tvos-iptv */ = {
			isa = PBXFileSystemSynchronizedRootGroup;
			path = "mks-multiplataforma-tvos-iptv";
			sourceTree = "<group>";
		};
		058CC0712D39C8CF006E00BF /* mks-multiplatform-iptv */ = {
			isa = PBXFileSystemSynchronizedRootGroup;
			exceptions = (
				058CC0E02D39C9E9006E00BF /* Exceptions for "mks-multiplatform-iptv" folder in "mks-multiplatform-iptv" target */,
			);
			path = "mks-multiplatform-iptv";
			sourceTree = "<group>";
		};
/* End PBXFileSystemSynchronizedRootGroup section */

/* Begin PBXFrameworksBuildPhase section */
		053411092F5C65B800A6C87F /* Frameworks */ = {
			isa = PBXFrameworksBuildPhase;
			buildActionMask = 2147483647;
			files = (
				053411112F5C65B800A6C87F /* SwiftUI.framework in Frameworks */,
				0534110F2F5C65B800A6C87F /* WidgetKit.framework in Frameworks */,
			);
			runOnlyForDeploymentPostprocessing = 0;
		};
		057C1B982D95EAC20059601D /* Frameworks */ = {
			isa = PBXFrameworksBuildPhase;
			buildActionMask = 2147483647;
			files = (
			);
			runOnlyForDeploymentPostprocessing = 0;
		};
		058CC06C2D39C8CF006E00BF /* Frameworks */ = {
			isa = PBXFrameworksBuildPhase;
			buildActionMask = 2147483647;
			files = (
				05A1B2C3D4E5F60718293A4C /* CloudKit.framework in Frameworks */,
				05548F942F5626330060E2DD /* TransmuxCore in Frameworks */,
				05548F962F5626330060E2DD /* transmux-cli in Frameworks */,
			);
			runOnlyForDeploymentPostprocessing = 0;
		};
/* End PBXFrameworksBuildPhase section */

/* Begin PBXGroup section */
		0534110D2F5C65B800A6C87F /* Frameworks */ = {
			isa = PBXGroup;
			children = (
				05A1B2C3D4E5F60718293A4B /* CloudKit.framework */,
				0534110E2F5C65B800A6C87F /* WidgetKit.framework */,
				053411102F5C65B800A6C87F /* SwiftUI.framework */,
			);
			name = Frameworks;
			sourceTree = "<group>";
		};
		058CC0662D39C8CF006E00BF = {
			isa = PBXGroup;
			children = (
				058CC0712D39C8CF006E00BF /* mks-multiplatform-iptv */,
				057C1B9C2D95EAC20059601D /* mks-multiplataforma-tvos-iptv */,
				053411122F5C65B800A6C87F /* MKSDownloadActivityWidget */,
				0534110D2F5C65B800A6C87F /* Frameworks */,
				058CC0702D39C8CF006E00BF /* Products */,
			);
			sourceTree = "<group>";
		};
		058CC0702D39C8CF006E00BF /* Products */ = {
			isa = PBXGroup;
			children = (
				058CC06F2D39C8CF006E00BF /* mks-multiplatform-iptv.app */,
				057C1B9B2D95EAC20059601D /* mks-multiplataforma-tvos-iptv.app */,
				0534110C2F5C65B800A6C87F /* MKSDownloadActivityWidgetExtension.appex */,
			);
			name = Products;
			sourceTree = "<group>";
		};
/* End PBXGroup section */

/* Begin PBXNativeTarget section */
		0534110B2F5C65B800A6C87F /* MKSDownloadActivityWidgetExtension */ = {
			isa = PBXNativeTarget;
			buildConfigurationList = 0534111F2F5C65B900A6C87F /* Build configuration list for PBXNativeTarget "MKSDownloadActivityWidgetExtension" */;
			buildPhases = (
				053411082F5C65B800A6C87F /* Sources */,
				053411092F5C65B800A6C87F /* Frameworks */,
				0534110A2F5C65B800A6C87F /* Resources */,
			);
			buildRules = (
			);
			dependencies = (
			);
			fileSystemSynchronizedGroups = (
				053411122F5C65B800A6C87F /* MKSDownloadActivityWidget */,
			);
			name = MKSDownloadActivityWidgetExtension;
			packageProductDependencies = (
			);
			productName = MKSDownloadActivityWidgetExtension;
			productReference = 0534110C2F5C65B800A6C87F /* MKSDownloadActivityWidgetExtension.appex */;
			productType = "com.apple.product-type.app-extension";
		};
		057C1B9A2D95EAC20059601D /* mks-multiplataforma-tvos-iptv */ = {
			isa = PBXNativeTarget;
			buildConfigurationList = 057C1BA82D95EAC30059601D /* Build configuration list for PBXNativeTarget "mks-multiplataforma-tvos-iptv" */;
			buildPhases = (
				057C1B972D95EAC20059601D /* Sources */,
				057C1B982D95EAC20059601D /* Frameworks */,
				057C1B992D95EAC20059601D /* Resources */,
			);
			buildRules = (
			);
			dependencies = (
			);
			fileSystemSynchronizedGroups = (
				057C1B9C2D95EAC20059601D /* mks-multiplataforma-tvos-iptv */,
			);
			name = "mks-multiplataforma-tvos-iptv";
			productName = "mks-multiplataforma-tvos-iptv";
			productReference = 057C1B9B2D95EAC20059601D /* mks-multiplataforma-tvos-iptv.app */;
			productType = "com.apple.product-type.application";
		};
		058CC06E2D39C8CF006E00BF /* mks-multiplatform-iptv */ = {
			isa = PBXNativeTarget;
			buildConfigurationList = 058CC07E2D39C8D0006E00BF /* Build configuration list for PBXNativeTarget "mks-multiplatform-iptv" */;
			buildPhases = (
				058CC06B2D39C8CF006E00BF /* Sources */,
				058CC06C2D39C8CF006E00BF /* Frameworks */,
				058CC06D2D39C8CF006E00BF /* Resources */,
				053411232F5C65B900A6C87F /* Embed Foundation Extensions */,
			);
			buildRules = (
				052369B92F69D8FF00112044 /* PBXBuildRule */,
			);
			dependencies = (
				0534111D2F5C65B900A6C87F /* PBXTargetDependency */,
			);
			fileSystemSynchronizedGroups = (
				058CC0712D39C8CF006E00BF /* mks-multiplatform-iptv */,
			);
			name = "mks-multiplatform-iptv";
			productName = "mks-multiplatform-iptv";
			productReference = 058CC06F2D39C8CF006E00BF /* mks-multiplatform-iptv.app */;
			productType = "com.apple.product-type.application";
		};
/* End PBXNativeTarget section */

/* Begin PBXProject section */
		058CC0672D39C8CF006E00BF /* Project object */ = {
			isa = PBXProject;
			attributes = {
				BuildIndependentTargetsInParallel = 1;
				LastSwiftUpdateCheck = 2630;
				LastUpgradeCheck = 1620;
				TargetAttributes = {
					0534110B2F5C65B800A6C87F = {
						CreatedOnToolsVersion = 26.3;
					};
					057C1B9A2D95EAC20059601D = {
						CreatedOnToolsVersion = 16.2;
					};
					058CC06E2D39C8CF006E00BF = {
						CreatedOnToolsVersion = 16.2;
						SystemCapabilities = {
							com.apple.iCloud = {
								enabled = 1;
							};
						};
					};
				};
			};
			buildConfigurationList = 058CC06A2D39C8CF006E00BF /* Build configuration list for PBXProject "mks-multiplatform-iptv" */;
			developmentRegion = en;
			hasScannedForEncodings = 0;
			knownRegions = (
				en,
				Base,
			);
			mainGroup = 058CC0662D39C8CF006E00BF;
			minimizedProjectReferenceProxies = 1;
			packageReferences = (
				05548F922F5626330060E2DD /* XCLocalSwiftPackageReference "TransmuxCore" */,
			);
			preferredProjectObjectVersion = 77;
			productRefGroup = 058CC0702D39C8CF006E00BF /* Products */;
			projectDirPath = "";
			projectRoot = "";
			targets = (
				058CC06E2D39C8CF006E00BF /* mks-multiplatform-iptv */,
				057C1B9A2D95EAC20059601D /* mks-multiplataforma-tvos-iptv */,
				0534110B2F5C65B800A6C87F /* MKSDownloadActivityWidgetExtension */,
			);
		};
/* End PBXProject section */

/* Begin PBXResourcesBuildPhase section */
		0534110A2F5C65B800A6C87F /* Resources */ = {
			isa = PBXResourcesBuildPhase;
			buildActionMask = 2147483647;
			files = (
			);
			runOnlyForDeploymentPostprocessing = 0;
		};
		057C1B992D95EAC20059601D /* Resources */ = {
			isa = PBXResourcesBuildPhase;
			buildActionMask = 2147483647;
			files = (
			);
			runOnlyForDeploymentPostprocessing = 0;
		};
		058CC06D2D39C8CF006E00BF /* Resources */ = {
			isa = PBXResourcesBuildPhase;
			buildActionMask = 2147483647;
			files = (
			);
			runOnlyForDeploymentPostprocessing = 0;
		};
/* End PBXResourcesBuildPhase section */

/* Begin PBXSourcesBuildPhase section */
		053411082F5C65B800A6C87F /* Sources */ = {
			isa = PBXSourcesBuildPhase;
			buildActionMask = 2147483647;
			files = (
			);
			runOnlyForDeploymentPostprocessing = 0;
		};
		057C1B972D95EAC20059601D /* Sources */ = {
			isa = PBXSourcesBuildPhase;
			buildActionMask = 2147483647;
			files = (
			);
			runOnlyForDeploymentPostprocessing = 0;
		};
		058CC06B2D39C8CF006E00BF /* Sources */ = {
			isa = PBXSourcesBuildPhase;
			buildActionMask = 2147483647;
			files = (
			);
			runOnlyForDeploymentPostprocessing = 0;
		};
/* End PBXSourcesBuildPhase section */

/* Begin PBXTargetDependency section */
		0534111D2F5C65B900A6C87F /* PBXTargetDependency */ = {
			isa = PBXTargetDependency;
			target = 0534110B2F5C65B800A6C87F /* MKSDownloadActivityWidgetExtension */;
			targetProxy = 0534111C2F5C65B900A6C87F /* PBXContainerItemProxy */;
		};
/* End PBXTargetDependency section */

/* Begin XCBuildConfiguration section */
		053411202F5C65B900A6C87F /* Debug */ = {
			isa = XCBuildConfiguration;
			buildSettings = {
				ASSETCATALOG_COMPILER_GLOBAL_ACCENT_COLOR_NAME = AccentColor;
				ASSETCATALOG_COMPILER_WIDGET_BACKGROUND_COLOR_NAME = WidgetBackground;
				CODE_SIGN_STYLE = Automatic;
				CURRENT_PROJECT_VERSION = 1;
				DEVELOPMENT_TEAM = QL3NVUPD27;
				ENABLE_APP_SANDBOX = YES;
				ENABLE_HARDENED_RUNTIME = YES;
				ENABLE_USER_SCRIPT_SANDBOXING = YES;
				GENERATE_INFOPLIST_FILE = YES;
				INFOPLIST_FILE = MKSDownloadActivityWidget/Info.plist;
				INFOPLIST_KEY_CFBundleDisplayName = MKSDownloadActivityWidget;
				INFOPLIST_KEY_NSHumanReadableCopyright = "";
				IPHONEOS_DEPLOYMENT_TARGET = 26.2;
				LD_RUNPATH_SEARCH_PATHS = (
					"$(inherited)",
					"@executable_path/Frameworks",
					"@executable_path/../../Frameworks",
				);
				"LD_RUNPATH_SEARCH_PATHS[sdk=macosx*]" = (
					"$(inherited)",
					"@executable_path/../Frameworks",
					"@executable_path/../../../../Frameworks",
				);
				MACOSX_DEPLOYMENT_TARGET = 26.2;
				MARKETING_VERSION = 1.0;
				PRODUCT_BUNDLE_IDENTIFIER = dev.mks2508.iptv.MKSDownloadActivityWidget;
				PRODUCT_NAME = "$(TARGET_NAME)";
				SDKROOT = auto;
				SKIP_INSTALL = YES;
				STRING_CATALOG_GENERATE_SYMBOLS = YES;
				SUPPORTED_PLATFORMS = "iphoneos iphonesimulator macosx xros xrsimulator";
				SWIFT_APPROACHABLE_CONCURRENCY = YES;
				SWIFT_EMIT_LOC_STRINGS = YES;
				SWIFT_UPCOMING_FEATURE_MEMBER_IMPORT_VISIBILITY = YES;
				SWIFT_VERSION = 5.0;
				TARGETED_DEVICE_FAMILY = "1,2,7";
				XROS_DEPLOYMENT_TARGET = 26.2;
			};
			name = Debug;
		};
		053411212F5C65B900A6C87F /* Release */ = {
			isa = XCBuildConfiguration;
			buildSettings = {
				ASSETCATALOG_COMPILER_GLOBAL_ACCENT_COLOR_NAME = AccentColor;
				ASSETCATALOG_COMPILER_WIDGET_BACKGROUND_COLOR_NAME = WidgetBackground;
				CODE_SIGN_STYLE = Automatic;
				CURRENT_PROJECT_VERSION = 1;
				DEVELOPMENT_TEAM = QL3NVUPD27;
				ENABLE_APP_SANDBOX = YES;
				ENABLE_HARDENED_RUNTIME = YES;
				ENABLE_USER_SCRIPT_SANDBOXING = YES;
				GENERATE_INFOPLIST_FILE = YES;
				INFOPLIST_FILE = MKSDownloadActivityWidget/Info.plist;
				INFOPLIST_KEY_CFBundleDisplayName = MKSDownloadActivityWidget;
				INFOPLIST_KEY_NSHumanReadableCopyright = "";
				IPHONEOS_DEPLOYMENT_TARGET = 26.2;
				LD_RUNPATH_SEARCH_PATHS = (
					"$(inherited)",
					"@executable_path/Frameworks",
					"@executable_path/../../Frameworks",
				);
				"LD_RUNPATH_SEARCH_PATHS[sdk=macosx*]" = (
					"$(inherited)",
					"@executable_path/../Frameworks",
					"@executable_path/../../../../Frameworks",
				);
				MACOSX_DEPLOYMENT_TARGET = 26.2;
				MARKETING_VERSION = 1.0;
				PRODUCT_BUNDLE_IDENTIFIER = dev.mks2508.iptv.MKSDownloadActivityWidget;
				PRODUCT_NAME = "$(TARGET_NAME)";
				SDKROOT = auto;
				SKIP_INSTALL = YES;
				STRING_CATALOG_GENERATE_SYMBOLS = YES;
				SUPPORTED_PLATFORMS = "iphoneos iphonesimulator macosx xros xrsimulator";
				SWIFT_APPROACHABLE_CONCURRENCY = YES;
				SWIFT_EMIT_LOC_STRINGS = YES;
				SWIFT_UPCOMING_FEATURE_MEMBER_IMPORT_VISIBILITY = YES;
				SWIFT_VERSION = 5.0;
				TARGETED_DEVICE_FAMILY = "1,2,7";
				XROS_DEPLOYMENT_TARGET = 26.2;
			};
			name = Release;
		};
		057C1BA62D95EAC30059601D /* Debug */ = {
			isa = XCBuildConfiguration;
			buildSettings = {
				ASSETCATALOG_COMPILER_APPICON_NAME = "App Icon & Top Shelf Image";
				ASSETCATALOG_COMPILER_GLOBAL_ACCENT_COLOR_NAME = AccentColor;
				CODE_SIGN_STYLE = Automatic;
				CURRENT_PROJECT_VERSION = 1;
				DEVELOPMENT_ASSET_PATHS = "\"mks-multiplataforma-tvos-iptv/Preview Content\"";
				DEVELOPMENT_TEAM = QL3NVUPD27;
				ENABLE_PREVIEWS = YES;
				GENERATE_INFOPLIST_FILE = YES;
				INFOPLIST_KEY_UILaunchScreen_Generation = YES;
				INFOPLIST_KEY_UIUserInterfaceStyle = Automatic;
				LD_RUNPATH_SEARCH_PATHS = (
					"$(inherited)",
					"@executable_path/Frameworks",
				);
				MARKETING_VERSION = 1.0;
				PRODUCT_BUNDLE_IDENTIFIER = "dev.mks2508.mks-multiplataforma-tvos-iptv";
				PRODUCT_NAME = "$(TARGET_NAME)";
				SDKROOT = appletvos;
				SWIFT_EMIT_LOC_STRINGS = YES;
				SWIFT_VERSION = 5.0;
				TARGETED_DEVICE_FAMILY = 3;
				TVOS_DEPLOYMENT_TARGET = 18.2;
			};
			name = Debug;
		};
		057C1BA72D95EAC30059601D /* Release */ = {
			isa = XCBuildConfiguration;
			buildSettings = {
				ASSETCATALOG_COMPILER_APPICON_NAME = "App Icon & Top Shelf Image";
				ASSETCATALOG_COMPILER_GLOBAL_ACCENT_COLOR_NAME = AccentColor;
				CODE_SIGN_STYLE = Automatic;
				CURRENT_PROJECT_VERSION = 1;
				DEVELOPMENT_ASSET_PATHS = "\"mks-multiplataforma-tvos-iptv/Preview Content\"";
				DEVELOPMENT_TEAM = QL3NVUPD27;
				DISABLE_MANUAL_TARGET_ORDER_BUILD_WARNING = YES;
				ENABLE_PREVIEWS = YES;
				GENERATE_INFOPLIST_FILE = YES;
				INFOPLIST_KEY_UILaunchScreen_Generation = YES;
				INFOPLIST_KEY_UIUserInterfaceStyle = Automatic;
				LD_RUNPATH_SEARCH_PATHS = (
					"$(inherited)",
					"@executable_path/Frameworks",
				);
				MARKETING_VERSION = 1.0;
				PRODUCT_BUNDLE_IDENTIFIER = "dev.mks2508.mks-multiplataforma-tvos-iptv";
				PRODUCT_NAME = "$(TARGET_NAME)";
				SDKROOT = appletvos;
				SWIFT_EMIT_LOC_STRINGS = YES;
				SWIFT_VERSION = 5.0;
				TARGETED_DEVICE_FAMILY = 3;
				TVOS_DEPLOYMENT_TARGET = 18.2;
				VALIDATE_PRODUCT = NO;
			};
			name = Release;
		};
		058CC07C2D39C8D0006E00BF /* Debug */ = {
			isa = XCBuildConfiguration;
			buildSettings = {
				ALWAYS_SEARCH_USER_PATHS = NO;
				ASSETCATALOG_COMPILER_GENERATE_SWIFT_ASSET_SYMBOL_EXTENSIONS = YES;
				CLANG_ANALYZER_NONNULL = YES;
				CLANG_ANALYZER_NUMBER_OBJECT_CONVERSION = YES_AGGRESSIVE;
				CLANG_CXX_LANGUAGE_STANDARD = "gnu++20";
				CLANG_ENABLE_MODULES = YES;
				CLANG_ENABLE_OBJC_ARC = YES;
				CLANG_ENABLE_OBJC_WEAK = YES;
				CLANG_WARN_BLOCK_CAPTURE_AUTORELEASING = YES;
				CLANG_WARN_BOOL_CONVERSION = YES;
				CLANG_WARN_COMMA = YES;
				CLANG_WARN_CONSTANT_CONVERSION = YES;
				CLANG_WARN_DEPRECATED_OBJC_IMPLEMENTATIONS = YES;
				CLANG_WARN_DIRECT_OBJC_ISA_USAGE = YES_ERROR;
				CLANG_WARN_DOCUMENTATION_COMMENTS = YES;
				CLANG_WARN_EMPTY_BODY = YES;
				CLANG_WARN_ENUM_CONVERSION = YES;
				CLANG_WARN_INFINITE_RECURSION = YES;
				CLANG_WARN_INT_CONVERSION = YES;
				CLANG_WARN_NON_LITERAL_NULL_CONVERSION = YES;
				CLANG_WARN_OBJC_IMPLICIT_RETAIN_SELF = YES;
				CLANG_WARN_OBJC_LITERAL_CONVERSION = YES;
				CLANG_WARN_OBJC_ROOT_CLASS = YES_ERROR;
				CLANG_WARN_QUOTED_INCLUDE_IN_FRAMEWORK_HEADER = YES;
				CLANG_WARN_RANGE_LOOP_ANALYSIS = YES;
				CLANG_WARN_STRICT_PROTOTYPES = YES;
				CLANG_WARN_SUSPICIOUS_MOVE = YES;
				CLANG_WARN_UNGUARDED_AVAILABILITY = YES_AGGRESSIVE;
				CLANG_WARN_UNREACHABLE_CODE = YES;
				CLANG_WARN__DUPLICATE_METHOD_MATCH = YES;
				COPY_PHASE_STRIP = NO;
				DEBUG_INFORMATION_FORMAT = dwarf;
				ENABLE_STRICT_OBJC_MSGSEND = YES;
				ENABLE_TESTABILITY = YES;
				ENABLE_USER_SCRIPT_SANDBOXING = NO;
				GCC_C_LANGUAGE_STANDARD = gnu17;
				GCC_DYNAMIC_NO_PIC = NO;
				GCC_NO_COMMON_BLOCKS = YES;
				GCC_OPTIMIZATION_LEVEL = 0;
				GCC_PREPROCESSOR_DEFINITIONS = (
					"DEBUG=1",
					"$(inherited)",
				);
				GCC_WARN_64_TO_32_BIT_CONVERSION = YES;
				GCC_WARN_ABOUT_RETURN_TYPE = YES_ERROR;
				GCC_WARN_UNDECLARED_SELECTOR = YES;
				GCC_WARN_UNINITIALIZED_AUTOS = YES_AGGRESSIVE;
				GCC_WARN_UNUSED_FUNCTION = YES;
				GCC_WARN_UNUSED_VARIABLE = YES;
				LIBRARY_SEARCH_PATHS = (
					"$(inherited)",
					"$(SRCROOT)/TransmuxCore/Frameworks/FFmpeg/macos/arm64",
				);
				"LIBRARY_SEARCH_PATHS[sdk=appletvos*]" = (
					"$(inherited)",
					"$(SRCROOT)/TransmuxCore/Frameworks/FFmpeg/tvos/arm64",
				);
				"LIBRARY_SEARCH_PATHS[sdk=iphoneos*]" = (
					"$(inherited)",
					"$(SRCROOT)/TransmuxCore/Frameworks/FFmpeg/ios/arm64",
				);
				"LIBRARY_SEARCH_PATHS[sdk=iphonesimulator*]" = (
					"$(inherited)",
					"$(SRCROOT)/TransmuxCore/Frameworks/FFmpeg/ios/x86_64",
				);
				LOCALIZATION_PREFERS_STRING_CATALOGS = YES;
				MTL_ENABLE_DEBUG_INFO = INCLUDE_SOURCE;
				MTL_FAST_MATH = YES;
				ONLY_ACTIVE_ARCH = YES;
				SWIFT_ACTIVE_COMPILATION_CONDITIONS = "DEBUG $(inherited)";
				SWIFT_OPTIMIZATION_LEVEL = "-Onone";
			};
			name = Debug;
		};
		058CC07D2D39C8D0006E00BF /* Release */ = {
			isa = XCBuildConfiguration;
			buildSettings = {
				ALWAYS_SEARCH_USER_PATHS = NO;
				ASSETCATALOG_COMPILER_GENERATE_SWIFT_ASSET_SYMBOL_EXTENSIONS = YES;
				CLANG_ANALYZER_NONNULL = YES;
				CLANG_ANALYZER_NUMBER_OBJECT_CONVERSION = YES_AGGRESSIVE;
				CLANG_CXX_LANGUAGE_STANDARD = "gnu++20";
				CLANG_ENABLE_MODULES = YES;
				CLANG_ENABLE_OBJC_ARC = YES;
				CLANG_ENABLE_OBJC_WEAK = YES;
				CLANG_WARN_BLOCK_CAPTURE_AUTORELEASING = YES;
				CLANG_WARN_BOOL_CONVERSION = YES;
				CLANG_WARN_COMMA = YES;
				CLANG_WARN_CONSTANT_CONVERSION = YES;
				CLANG_WARN_DEPRECATED_OBJC_IMPLEMENTATIONS = YES;
				CLANG_WARN_DIRECT_OBJC_ISA_USAGE = YES_ERROR;
				CLANG_WARN_DOCUMENTATION_COMMENTS = YES;
				CLANG_WARN_EMPTY_BODY = YES;
				CLANG_WARN_ENUM_CONVERSION = YES;
				CLANG_WARN_INFINITE_RECURSION = YES;
				CLANG_WARN_INT_CONVERSION = YES;
				CLANG_WARN_NON_LITERAL_NULL_CONVERSION = YES;
				CLANG_WARN_OBJC_IMPLICIT_RETAIN_SELF = YES;
				CLANG_WARN_OBJC_LITERAL_CONVERSION = YES;
				CLANG_WARN_OBJC_ROOT_CLASS = YES_ERROR;
				CLANG_WARN_QUOTED_INCLUDE_IN_FRAMEWORK_HEADER = YES;
				CLANG_WARN_RANGE_LOOP_ANALYSIS = YES;
				CLANG_WARN_STRICT_PROTOTYPES = YES;
				CLANG_WARN_SUSPICIOUS_MOVE = YES;
				CLANG_WARN_UNGUARDED_AVAILABILITY = YES_AGGRESSIVE;
				CLANG_WARN_UNREACHABLE_CODE = YES;
				CLANG_WARN__DUPLICATE_METHOD_MATCH = YES;
				COPY_PHASE_STRIP = NO;
				DEBUG_INFORMATION_FORMAT = "dwarf-with-dsym";
				ENABLE_NS_ASSERTIONS = NO;
				ENABLE_STRICT_OBJC_MSGSEND = YES;
				ENABLE_USER_SCRIPT_SANDBOXING = NO;
				GCC_C_LANGUAGE_STANDARD = gnu17;
				GCC_NO_COMMON_BLOCKS = YES;
				GCC_WARN_64_TO_32_BIT_CONVERSION = YES;
				GCC_WARN_ABOUT_RETURN_TYPE = YES_ERROR;
				GCC_WARN_UNDECLARED_SELECTOR = YES;
				GCC_WARN_UNINITIALIZED_AUTOS = YES_AGGRESSIVE;
				GCC_WARN_UNUSED_FUNCTION = YES;
				GCC_WARN_UNUSED_VARIABLE = YES;
				LIBRARY_SEARCH_PATHS = (
					"$(inherited)",
					"$(SRCROOT)/TransmuxCore/Frameworks/FFmpeg/macos/arm64",
				);
				"LIBRARY_SEARCH_PATHS[sdk=appletvos*]" = (
					"$(inherited)",
					"$(SRCROOT)/TransmuxCore/Frameworks/FFmpeg/tvos/arm64",
				);
				"LIBRARY_SEARCH_PATHS[sdk=iphoneos*]" = (
					"$(inherited)",
					"$(SRCROOT)/TransmuxCore/Frameworks/FFmpeg/ios/arm64",
				);
				"LIBRARY_SEARCH_PATHS[sdk=iphonesimulator*]" = (
					"$(inherited)",
					"$(SRCROOT)/TransmuxCore/Frameworks/FFmpeg/ios/x86_64",
				);
				LOCALIZATION_PREFERS_STRING_CATALOGS = YES;
				MTL_ENABLE_DEBUG_INFO = NO;
				MTL_FAST_MATH = YES;
				SWIFT_COMPILATION_MODE = wholemodule;
			};
			name = Release;
		};
		058CC07F2D39C8D0006E00BF /* Debug */ = {
			isa = XCBuildConfiguration;
			buildSettings = {
				ASSETCATALOG_COMPILER_APPICON_NAME = AppIcon;
				ASSETCATALOG_COMPILER_GLOBAL_ACCENT_COLOR_NAME = AccentColor;
				CODE_SIGN_ENTITLEMENTS = "mks-multiplatform-iptv/mks_multiplatform_iptv.entitlements";
				"CODE_SIGN_IDENTITY[sdk=macosx*]" = "Apple Development";
				CODE_SIGN_STYLE = Automatic;
				CURRENT_PROJECT_VERSION = 1;
				DEVELOPMENT_ASSET_PATHS = "\"mks-multiplatform-iptv/Preview Content\"";
				DEVELOPMENT_TEAM = QL3NVUPD27;
				DISABLE_MANUAL_TARGET_ORDER_BUILD_WARNING = YES;
				ENABLE_HARDENED_RUNTIME = YES;
				ENABLE_PREVIEWS = YES;
				GENERATE_INFOPLIST_FILE = YES;
				INFOPLIST_FILE = "mks-multiplatform-iptv/Info.plist";
				INFOPLIST_KEY_NSPhotoLibraryAddUsageDescription = "Save downloaded videos to your photo library";
				INFOPLIST_KEY_NSSupportsLiveActivities = YES;
				INFOPLIST_KEY_NSSupportsLiveActivitiesFrequentUpdates = YES;
				"INFOPLIST_KEY_UIApplicationSceneManifest_Generation[sdk=iphoneos*]" = YES;
				"INFOPLIST_KEY_UIApplicationSceneManifest_Generation[sdk=iphonesimulator*]" = YES;
				"INFOPLIST_KEY_UIApplicationSupportsIndirectInputEvents[sdk=iphoneos*]" = YES;
				"INFOPLIST_KEY_UIApplicationSupportsIndirectInputEvents[sdk=iphonesimulator*]" = YES;
				"INFOPLIST_KEY_UILaunchScreen_Generation[sdk=iphoneos*]" = YES;
				"INFOPLIST_KEY_UILaunchScreen_Generation[sdk=iphonesimulator*]" = YES;
				"INFOPLIST_KEY_UIStatusBarStyle[sdk=iphoneos*]" = UIStatusBarStyleDefault;
				"INFOPLIST_KEY_UIStatusBarStyle[sdk=iphonesimulator*]" = UIStatusBarStyleDefault;
				INFOPLIST_KEY_UISupportedInterfaceOrientations_iPad = "UIInterfaceOrientationPortrait UIInterfaceOrientationPortraitUpsideDown UIInterfaceOrientationLandscapeLeft UIInterfaceOrientationLandscapeRight";
				INFOPLIST_KEY_UISupportedInterfaceOrientations_iPhone = "UIInterfaceOrientationPortrait UIInterfaceOrientationLandscapeLeft UIInterfaceOrientationLandscapeRight";
				IPHONEOS_DEPLOYMENT_TARGET = 18.6;
				LD_RUNPATH_SEARCH_PATHS = "@executable_path/Frameworks";
				"LD_RUNPATH_SEARCH_PATHS[sdk=macosx*]" = "@executable_path/../Frameworks";
				MACOSX_DEPLOYMENT_TARGET = 26.0;
				MARKETING_VERSION = 1.0;
				PRODUCT_BUNDLE_IDENTIFIER = "dev.mks2508.mks-multiplatform-iptv";
				"PRODUCT_BUNDLE_IDENTIFIER[sdk=iphoneos*]" = dev.mks2508.iptv;
				"PRODUCT_BUNDLE_IDENTIFIER[sdk=macosx*]" = dev.mks2508.iptv;
				PRODUCT_NAME = "$(TARGET_NAME)";
				SDKROOT = auto;
				SUPPORTED_PLATFORMS = "iphoneos iphonesimulator macosx";
				SUPPORTS_MACCATALYST = NO;
				SWIFT_EMIT_LOC_STRINGS = YES;
				SWIFT_OBJC_BRIDGING_HEADER = "mks-multiplatform-iptv/mks-multiplatform-iptv-Bridging-Header.h";
				SWIFT_VERSION = 5.0;
				TARGETED_DEVICE_FAMILY = "1,2";
				VALIDATE_PRODUCT = NO;
				XROS_DEPLOYMENT_TARGET = 2.2;
			};
			name = Debug;
		};
		058CC0802D39C8D0006E00BF /* Release */ = {
			isa = XCBuildConfiguration;
			buildSettings = {
				ASSETCATALOG_COMPILER_APPICON_NAME = AppIcon;
				ASSETCATALOG_COMPILER_GLOBAL_ACCENT_COLOR_NAME = AccentColor;
				CODE_SIGN_ENTITLEMENTS = "mks-multiplatform-iptv/mks_multiplatform_iptv.entitlements";
				CODE_SIGN_IDENTITY = "Apple Development";
				CODE_SIGN_STYLE = Automatic;
				CURRENT_PROJECT_VERSION = 1;
				DEVELOPMENT_ASSET_PATHS = "\"mks-multiplatform-iptv/Preview Content\"";
				DEVELOPMENT_TEAM = QL3NVUPD27;
				DISABLE_MANUAL_TARGET_ORDER_BUILD_WARNING = YES;
				ENABLE_HARDENED_RUNTIME = YES;
				ENABLE_PREVIEWS = YES;
				GENERATE_INFOPLIST_FILE = YES;
				INFOPLIST_FILE = "mks-multiplatform-iptv/Info.plist";
				INFOPLIST_KEY_NSPhotoLibraryAddUsageDescription = "Save downloaded videos to your photo library";
				INFOPLIST_KEY_NSSupportsLiveActivities = YES;
				INFOPLIST_KEY_NSSupportsLiveActivitiesFrequentUpdates = YES;
				"INFOPLIST_KEY_UIApplicationSceneManifest_Generation[sdk=iphoneos*]" = YES;
				"INFOPLIST_KEY_UIApplicationSceneManifest_Generation[sdk=iphonesimulator*]" = YES;
				"INFOPLIST_KEY_UIApplicationSupportsIndirectInputEvents[sdk=iphoneos*]" = YES;
				"INFOPLIST_KEY_UIApplicationSupportsIndirectInputEvents[sdk=iphonesimulator*]" = YES;
				"INFOPLIST_KEY_UILaunchScreen_Generation[sdk=iphoneos*]" = YES;
				"INFOPLIST_KEY_UILaunchScreen_Generation[sdk=iphonesimulator*]" = YES;
				"INFOPLIST_KEY_UIStatusBarStyle[sdk=iphoneos*]" = UIStatusBarStyleDefault;
				"INFOPLIST_KEY_UIStatusBarStyle[sdk=iphonesimulator*]" = UIStatusBarStyleDefault;
				INFOPLIST_KEY_UISupportedInterfaceOrientations_iPad = "UIInterfaceOrientationPortrait UIInterfaceOrientationPortraitUpsideDown UIInterfaceOrientationLandscapeLeft UIInterfaceOrientationLandscapeRight";
				INFOPLIST_KEY_UISupportedInterfaceOrientations_iPhone = "UIInterfaceOrientationPortrait UIInterfaceOrientationLandscapeLeft UIInterfaceOrientationLandscapeRight";
				IPHONEOS_DEPLOYMENT_TARGET = 18.6;
				LD_RUNPATH_SEARCH_PATHS = "@executable_path/Frameworks";
				"LD_RUNPATH_SEARCH_PATHS[sdk=macosx*]" = "@executable_path/../Frameworks";
				MACOSX_DEPLOYMENT_TARGET = 26.0;
				MARKETING_VERSION = 1.0;
				PRODUCT_BUNDLE_IDENTIFIER = "dev.mks2508.mks-multiplatform-iptv";
				"PRODUCT_BUNDLE_IDENTIFIER[sdk=iphoneos*]" = dev.mks2508.iptv;
				"PRODUCT_BUNDLE_IDENTIFIER[sdk=macosx*]" = dev.mks2508.iptv;
				PRODUCT_NAME = "$(TARGET_NAME)";
				PROVISIONING_PROFILE_SPECIFIER = "";
				SDKROOT = auto;
				SUPPORTED_PLATFORMS = "iphoneos iphonesimulator macosx";
				SUPPORTS_MACCATALYST = NO;
				SWIFT_EMIT_LOC_STRINGS = YES;
				SWIFT_OBJC_BRIDGING_HEADER = "mks-multiplatform-iptv/mks-multiplatform-iptv-Bridging-Header.h";
				SWIFT_VERSION = 5.0;
				TARGETED_DEVICE_FAMILY = "1,2";
				VALIDATE_PRODUCT = NO;
				XROS_DEPLOYMENT_TARGET = 2.2;
			};
			name = Release;
		};
/* End XCBuildConfiguration section */

/* Begin XCConfigurationList section */
		0534111F2F5C65B900A6C87F /* Build configuration list for PBXNativeTarget "MKSDownloadActivityWidgetExtension" */ = {
			isa = XCConfigurationList;
			buildConfigurations = (
				053411202F5C65B900A6C87F /* Debug */,
				053411212F5C65B900A6C87F /* Release */,
			);
			defaultConfigurationIsVisible = 0;
			defaultConfigurationName = Release;
		};
		057C1BA82D95EAC30059601D /* Build configuration list for PBXNativeTarget "mks-multiplataforma-tvos-iptv" */ = {
			isa = XCConfigurationList;
			buildConfigurations = (
				057C1BA62D95EAC30059601D /* Debug */,
				057C1BA72D95EAC30059601D /* Release */,
			);
			defaultConfigurationIsVisible = 0;
			defaultConfigurationName = Release;
		};
		058CC06A2D39C8CF006E00BF /* Build configuration list for PBXProject "mks-multiplatform-iptv" */ = {
			isa = XCConfigurationList;
			buildConfigurations = (
				058CC07C2D39C8D0006E00BF /* Debug */,
				058CC07D2D39C8D0006E00BF /* Release */,
			);
			defaultConfigurationIsVisible = 0;
			defaultConfigurationName = Release;
		};
		058CC07E2D39C8D0006E00BF /* Build configuration list for PBXNativeTarget "mks-multiplatform-iptv" */ = {
			isa = XCConfigurationList;
			buildConfigurations = (
				058CC07F2D39C8D0006E00BF /* Debug */,
				058CC0802D39C8D0006E00BF /* Release */,
			);
			defaultConfigurationIsVisible = 0;
			defaultConfigurationName = Release;
		};
/* End XCConfigurationList section */

/* Begin XCLocalSwiftPackageReference section */
		05548F922F5626330060E2DD /* XCLocalSwiftPackageReference "TransmuxCore" */ = {
			isa = XCLocalSwiftPackageReference;
			relativePath = TransmuxCore;
		};
/* End XCLocalSwiftPackageReference section */

/* Begin XCSwiftPackageProductDependency section */
		05548F932F5626330060E2DD /* TransmuxCore */ = {
			isa = XCSwiftPackageProductDependency;
			productName = TransmuxCore;
		};
		05548F952F5626330060E2DD /* transmux-cli */ = {
			isa = XCSwiftPackageProductDependency;
			productName = "transmux-cli";
		};
/* End XCSwiftPackageProductDependency section */
	};
	rootObject = 058CC0672D39C8CF006E00BF /* Project object */;
}
